// !$*UTF8*$!
{
	archiveVersion = 1;
	classes = {
	};
	objectVersion = 46;
	objects = {

/* Begin PBXBuildFile section */
		E6C5DA2F1C09CA0D00767E0D /* FinController.swift in Sources */ = {isa = PBXBuildFile; fileRef = E6C5DA2E1C09CA0D00767E0D /* FinController.swift */; };
		E6D989301BF8E691002EF7FE /* AppDelegate.swift in Sources */ = {isa = PBXBuildFile; fileRef = E6D9892F1BF8E691002EF7FE /* AppDelegate.swift */; };
		E6D989321BF8E691002EF7FE /* TamañoPizzaController.swift in Sources */ = {isa = PBXBuildFile; fileRef = E6D989311BF8E691002EF7FE /* TamañoPizzaController.swift */; };
		E6D989351BF8E691002EF7FE /* Main.storyboard in Resources */ = {isa = PBXBuildFile; fileRef = E6D989331BF8E691002EF7FE /* Main.storyboard */; };
		E6D989371BF8E691002EF7FE /* Assets.xcassets in Resources */ = {isa = PBXBuildFile; fileRef = E6D989361BF8E691002EF7FE /* Assets.xcassets */; };
		E6D9893A1BF8E691002EF7FE /* LaunchScreen.storyboard in Resources */ = {isa = PBXBuildFile; fileRef = E6D989381BF8E691002EF7FE /* LaunchScreen.storyboard */; };
		E6D989421BF8F6B4002EF7FE /* MasaController.swift in Sources */ = {isa = PBXBuildFile; fileRef = E6D989411BF8F6B4002EF7FE /* MasaController.swift */; };
		E6D989441BF8FA32002EF7FE /* ResumenController.swift in Sources */ = {isa = PBXBuildFile; fileRef = E6D989431BF8FA32002EF7FE /* ResumenController.swift */; };
		E6D989461BF8FCB8002EF7FE /* QuesoController.swift in Sources */ = {isa = PBXBuildFile; fileRef = E6D989451BF8FCB8002EF7FE /* QuesoController.swift */; };
		E6D989481BF9052C002EF7FE /* IngredienteController.swift in Sources */ = {isa = PBXBuildFile; fileRef = E6D989471BF9052C002EF7FE /* IngredienteController.swift */; };
		E6E323251C08DB330089212B /* ExtrasController.swift in Sources */ = {isa = PBXBuildFile; fileRef = E6E323241C08DB330089212B /* ExtrasController.swift */; };
/* End PBXBuildFile section */

/* Begin PBXFileReference section */
		E6C5DA2E1C09CA0D00767E0D /* FinController.swift */ = {isa = PBXFileReference; fileEncoding = 4; lastKnownFileType = sourcecode.swift; path = FinController.swift; sourceTree = "<group>"; };
		E6D9892C1BF8E691002EF7FE /* pizzas.app */ = {isa = PBXFileReference; explicitFileType = wrapper.application; includeInIndex = 0; path = pizzas.app; sourceTree = BUILT_PRODUCTS_DIR; };
		E6D9892F1BF8E691002EF7FE /* AppDelegate.swift */ = {isa = PBXFileReference; lastKnownFileType = sourcecode.swift; path = AppDelegate.swift; sourceTree = "<group>"; };
		E6D989311BF8E691002EF7FE /* TamañoPizzaController.swift */ = {isa = PBXFileReference; lastKnownFileType = sourcecode.swift; path = "TamañoPizzaController.swift"; sourceTree = "<group>"; };
		E6D989341BF8E691002EF7FE /* Base */ = {isa = PBXFileReference; lastKnownFileType = file.storyboard; name = Base; path = Base.lproj/Main.storyboard; sourceTree = "<group>"; };
		E6D989361BF8E691002EF7FE /* Assets.xcassets */ = {isa = PBXFileReference; lastKnownFileType = folder.assetcatalog; path = Assets.xcassets; sourceTree = "<group>"; };
		E6D989391BF8E691002EF7FE /* Base */ = {isa = PBXFileReference; lastKnownFileType = file.storyboard; name = Base; path = Base.lproj/LaunchScreen.storyboard; sourceTree = "<group>"; };
		E6D9893B1BF8E691002EF7FE /* Info.plist */ = {isa = PBXFileReference; lastKnownFileType = text.plist.xml; path = Info.plist; sourceTree = "<group>"; };
		E6D989411BF8F6B4002EF7FE /* MasaController.swift */ = {isa = PBXFileReference; fileEncoding = 4; lastKnownFileType = sourcecode.swift; path = MasaController.swift; sourceTree = "<group>"; };
		E6D989431BF8FA32002EF7FE /* ResumenController.swift */ = {isa = PBXFileReference; fileEncoding = 4; lastKnownFileType = sourcecode.swift; path = ResumenController.swift; sourceTree = "<group>"; };
		E6D989451BF8FCB8002EF7FE /* QuesoController.swift */ = {isa = PBXFileReference; fileEncoding = 4; lastKnownFileType = sourcecode.swift; path = QuesoController.swift; sourceTree = "<group>"; };
		E6D989471BF9052C002EF7FE /* IngredienteController.swift */ = {isa = PBXFileReference; fileEncoding = 4; lastKnownFileType = sourcecode.swift; path = IngredienteController.swift; sourceTree = "<group>"; };
		E6E323241C08DB330089212B /* ExtrasController.swift */ = {isa = PBXFileReference; fileEncoding = 4; lastKnownFileType = sourcecode.swift; path = ExtrasController.swift; sourceTree = "<group>"; };
/* End PBXFileReference section */

/* Begin PBXFrameworksBuildPhase section */
		E6D989291BF8E691002EF7FE /* Frameworks */ = {
			isa = PBXFrameworksBuildPhase;
			buildActionMask = 2147483647;
			files = (
			);
			runOnlyForDeploymentPostprocessing = 0;
		};
/* End PBXFrameworksBuildPhase section */

/* Begin PBXGroup section */
		E6D989231BF8E691002EF7FE = {
			isa = PBXGroup;
			children = (
				E6D9892E1BF8E691002EF7FE /* pizzas */,
				E6D9892D1BF8E691002EF7FE /* Products */,
			);
			sourceTree = "<group>";
		};
		E6D9892D1BF8E691002EF7FE /* Products */ = {
			isa = PBXGroup;
			children = (
				E6D9892C1BF8E691002EF7FE /* pizzas.app */,
			);
			name = Products;
			sourceTree = "<group>";
		};
		E6D9892E1BF8E691002EF7FE /* pizzas */ = {
			isa = PBXGroup;
			children = (
				E6D9892F1BF8E691002EF7FE /* AppDelegate.swift */,
				E6D989311BF8E691002EF7FE /* TamañoPizzaController.swift */,
				E6D989331BF8E691002EF7FE /* Main.storyboard */,
				E6D989451BF8FCB8002EF7FE /* QuesoController.swift */,
				E6D989411BF8F6B4002EF7FE /* MasaController.swift */,
				E6D989361BF8E691002EF7FE /* Assets.xcassets */,
				E6D989381BF8E691002EF7FE /* LaunchScreen.storyboard */,
				E6D9893B1BF8E691002EF7FE /* Info.plist */,
				E6D989431BF8FA32002EF7FE /* ResumenController.swift */,
				E6D989471BF9052C002EF7FE /* IngredienteController.swift */,
				E6E323241C08DB330089212B /* ExtrasController.swift */,
				E6C5DA2E1C09CA0D00767E0D /* FinController.swift */,
			);
			path = pizzas;
			sourceTree = "<group>";
		};
/* End PBXGroup section */

/* Begin PBXNativeTarget section */
		E6D9892B1BF8E691002EF7FE /* pizzas */ = {
			isa = PBXNativeTarget;
			buildConfigurationList = E6D9893E1BF8E691002EF7FE /* Build configuration list for PBXNativeTarget "pizzas" */;
			buildPhases = (
				E6D989281BF8E691002EF7FE /* Sources */,
				E6D989291BF8E691002EF7FE /* Frameworks */,
				E6D9892A1BF8E691002EF7FE /* Resources */,
			);
			buildRules = (
			);
			dependencies = (
			);
			name = pizzas;
			productName = pizzas;
			productReference = E6D9892C1BF8E691002EF7FE /* pizzas.app */;
			productType = "com.apple.product-type.application";
		};
/* End PBXNativeTarget section */

/* Begin PBXProject section */
		E6D989241BF8E691002EF7FE /* Project object */ = {
			isa = PBXProject;
			attributes = {
				LastSwiftUpdateCheck = 0710;
				LastUpgradeCheck = 0710;
				ORGANIZATIONNAME = "Alberto De Avila Hernandez";
				TargetAttributes = {
					E6D9892B1BF8E691002EF7FE = {
						CreatedOnToolsVersion = 7.1;
					};
				};
			};
			buildConfigurationList = E6D989271BF8E691002EF7FE /* Build configuration list for PBXProject "pizzas" */;
			compatibilityVersion = "Xcode 3.2";
			developmentRegion = English;
			hasScannedForEncodings = 0;
			knownRegions = (
				en,
				Base,
			);
			mainGroup = E6D989231BF8E691002EF7FE;
			productRefGroup = E6D9892D1BF8E691002EF7FE /* Products */;
			projectDirPath = "";
			projectRoot = "";
			targets = (
				E6D9892B1BF8E691002EF7FE /* pizzas */,
			);
		};
/* End PBXProject section */

/* Begin PBXResourcesBuildPhase section */
		E6D9892A1BF8E691002EF7FE /* Resources */ = {
			isa = PBXResourcesBuildPhase;
			buildActionMask = 2147483647;
			files = (
				E6D9893A1BF8E691002EF7FE /* LaunchScreen.storyboard in Resources */,
				E6D989371BF8E691002EF7FE /* Assets.xcassets in Resources */,
				E6D989351BF8E691002EF7FE /* Main.storyboard in Resources */,
			);
			runOnlyForDeploymentPostprocessing = 0;
		};
/* End PBXResourcesBuildPhase section */

/* Begin PBXSourcesBuildPhase section */
		E6D989281BF8E691002EF7FE /* Sources */ = {
			isa = PBXSourcesBuildPhase;
			buildActionMask = 2147483647;
			files = (
				E6D989321BF8E691002EF7FE /* TamañoPizzaController.swift in Sources */,
				E6D989441BF8FA32002EF7FE /* ResumenController.swift in Sources */,
				E6D989461BF8FCB8002EF7FE /* QuesoController.swift in Sources */,
				E6D989301BF8E691002EF7FE /* AppDelegate.swift in Sources */,
				E6D989481BF9052C002EF7FE /* IngredienteController.swift in Sources */,
				E6E323251C08DB330089212B /* ExtrasController.swift in Sources */,
				E6D989421BF8F6B4002EF7FE /* MasaController.swift in Sources */,
				E6C5DA2F1C09CA0D00767E0D /* FinController.swift in Sources */,
			);
			runOnlyForDeploymentPostprocessing = 0;
		};
/* End PBXSourcesBuildPhase section */

/* Begin PBXVariantGroup section */
		E6D989331BF8E691002EF7FE /* Main.storyboard */ = {
			isa = PBXVariantGroup;
			children = (
				E6D989341BF8E691002EF7FE /* Base */,
			);
			name = Main.storyboard;
			sourceTree = "<group>";
		};
		E6D989381BF8E691002EF7FE /* LaunchScreen.storyboard */ = {
			isa = PBXVariantGroup;
			children = (
				E6D989391BF8E691002EF7FE /* Base */,
			);
			name = LaunchScreen.storyboard;
			sourceTree = "<group>";
		};
/* End PBXVariantGroup section */

/* Begin XCBuildConfiguration section */
		E6D9893C1BF8E691002EF7FE /* Debug */ = {
			isa = XCBuildConfiguration;
			buildSettings = {
				ALWAYS_SEARCH_USER_PATHS = NO;
				CLANG_CXX_LANGUAGE_STANDARD = "gnu++0x";
				CLANG_CXX_LIBRARY = "libc++";
				CLANG_ENABLE_MODULES = YES;
				CLANG_ENABLE_OBJC_ARC = YES;
				CLANG_WARN_BOOL_CONVERSION = YES;
				CLANG_WARN_CONSTANT_CONVERSION = YES;
				CLANG_WARN_DIRECT_OBJC_ISA_USAGE = YES_ERROR;
				CLANG_WARN_EMPTY_BODY = YES;
				CLANG_WARN_ENUM_CONVERSION = YES;
				CLANG_WARN_INT_CONVERSION = YES;
				CLANG_WARN_OBJC_ROOT_CLASS = YES_ERROR;
				CLANG_WARN_UNREACHABLE_CODE = YES;
				CLANG_WARN__DUPLICATE_METHOD_MATCH = YES;
				"CODE_SIGN_IDENTITY[sdk=iphoneos*]" = "iPhone Developer";
				COPY_PHASE_STRIP = NO;
				DEBUG_INFORMATION_FORMAT = dwarf;
				ENABLE_STRICT_OBJC_MSGSEND = YES;
				ENABLE_TESTABILITY = YES;
				GCC_C_LANGUAGE_STANDARD = gnu99;
				GCC_DYNAMIC_NO_PIC = NO;
				GCC_NO_COMMON_BLOCKS = YES;
				GCC_OPTIMIZATION_LEVEL = 0;
				GCC_PREPROCESSOR_DEFINITIONS = (
					"DEBUG=1",
					"$(inherited)",
				);
				GCC_WARN_64_TO_32_BIT_CONVERSION = YES;
				GCC_WARN_ABOUT_RETURN_TYPE = YES_ERROR;
				GCC_WARN_UNDECLARED_SELECTOR = YES;
				GCC_WARN_UNINITIALIZED_AUTOS = YES_AGGRESSIVE;
				GCC_WARN_UNUSED_FUNCTION = YES;
				GCC_WARN_UNUSED_VARIABLE = YES;
				IPHONEOS_DEPLOYMENT_TARGET = 9.1;
				MTL_ENABLE_DEBUG_INFO = YES;
				ONLY_ACTIVE_ARCH = YES;
				SDKROOT = iphoneos;
				SWIFT_OPTIMIZATION_LEVEL = "-Onone";
			};
			name = Debug;
		};
		E6D9893D1BF8E691002EF7FE /* Release */ = {
			isa = XCBuildConfiguration;
			buildSettings = {
				ALWAYS_SEARCH_USER_PATHS = NO;
				CLANG_CXX_LANGUAGE_STANDARD = "gnu++0x";
				CLANG_CXX_LIBRARY = "libc++";
				CLANG_ENABLE_MODULES = YES;
				CLANG_ENABLE_OBJC_ARC = YES;
				CLANG_WARN_BOOL_CONVERSION = YES;
				CLANG_WARN_CONSTANT_CONVERSION = YES;
				CLANG_WARN_DIRECT_OBJC_ISA_USAGE = YES_ERROR;
				CLANG_WARN_EMPTY_BODY = YES;
				CLANG_WARN_ENUM_CONVERSION = YES;
				CLANG_WARN_INT_CONVERSION = YES;
				CLANG_WARN_OBJC_ROOT_CLASS = YES_ERROR;
				CLANG_WARN_UNREACHABLE_CODE = YES;
				CLANG_WARN__DUPLICATE_METHOD_MATCH = YES;
				"CODE_SIGN_IDENTITY[sdk=iphoneos*]" = "iPhone Developer";
				COPY_PHASE_STRIP = NO;
				DEBUG_INFORMATION_FORMAT = "dwarf-with-dsym";
				ENABLE_NS_ASSERTIONS = NO;
				ENABLE_STRICT_OBJC_MSGSEND = YES;
				GCC_C_LANGUAGE_STANDARD = gnu99;
				GCC_NO_COMMON_BLOCKS = YES;
				GCC_WARN_64_TO_32_BIT_CONVERSION = YES;
				GCC_WARN_ABOUT_RETURN_TYPE = YES_ERROR;
				GCC_WARN_UNDECLARED_SELECTOR = YES;
				GCC_WARN_UNINITIALIZED_AUTOS = YES_AGGRESSIVE;
				GCC_WARN_UNUSED_FUNCTION = YES;
				GCC_WARN_UNUSED_VARIABLE = YES;
				IPHONEOS_DEPLOYMENT_TARGET = 9.1;
				MTL_ENABLE_DEBUG_INFO = NO;
				SDKROOT = iphoneos;
				VALIDATE_PRODUCT = YES;
			};
			name = Release;
		};
		E6D9893F1BF8E691002EF7FE /* Debug */ = {
			isa = XCBuildConfiguration;
			buildSettings = {
				ASSETCATALOG_COMPILER_APPICON_NAME = AppIcon;
				INFOPLIST_FILE = pizzas/Info.plist;
				LD_RUNPATH_SEARCH_PATHS = "$(inherited) @executable_path/Frameworks";
				PRODUCT_BUNDLE_IDENTIFIER = my.fake.company.pizzas;
				PRODUCT_NAME = "$(TARGET_NAME)";
			};
			name = Debug;
		};
		E6D989401BF8E691002EF7FE /* Release */ = {
			isa = XCBuildConfiguration;
			buildSettings = {
				ASSETCATALOG_COMPILER_APPICON_NAME = AppIcon;
				INFOPLIST_FILE = pizzas/Info.plist;
				LD_RUNPATH_SEARCH_PATHS = "$(inherited) @executable_path/Frameworks";
				PRODUCT_BUNDLE_IDENTIFIER = my.fake.company.pizzas;
				PRODUCT_NAME = "$(TARGET_NAME)";
			};
			name = Release;
		};
/* End XCBuildConfiguration section */

/* Begin XCConfigurationList section */
		E6D989271BF8E691002EF7FE /* Build configuration list for PBXProject "pizzas" */ = {
			isa = XCConfigurationList;
			buildConfigurations = (
				E6D9893C1BF8E691002EF7FE /* Debug */,
				E6D9893D1BF8E691002EF7FE /* Release */,
			);
			defaultConfigurationIsVisible = 0;
			defaultConfigurationName = Release;
		};
		E6D9893E1BF8E691002EF7FE /* Build configuration list for PBXNativeTarget "pizzas" */ = {
			isa = XCConfigurationList;
			buildConfigurations = (
				E6D9893F1BF8E691002EF7FE /* Debug */,
				E6D989401BF8E691002EF7FE /* Release */,
			);
			defaultConfigurationIsVisible = 0;
			defaultConfigurationName = Release;
		};
/* End XCConfigurationList section */
	};
	rootObject = E6D989241BF8E691002EF7FE /* Project object */;
}
